{
  "name": "http",
  "version": "1.0.0",
  "lockfileVersion": 1,
  "requires": true,
  "dependencies": {
    "mime": {
      "version": "2.4.0",
      "resolved": "https://registry.npmjs.org/mime/-/mime-2.4.0.tgz",
      "integrity": "sha512-ikBcWwyqXQSHKtciCcctu9YfPbFYZ4+gbHEmE0Q8jzcTYQg5dHCr3g2wwAZjPoJfQVXZq6KXAjpXOTf5/cjT7w=="
    },
    "mine": {
      "version": "0.1.0",
      "resolved": "https://registry.npmjs.org/mine/-/mine-0.1.0.tgz",
      "integrity": "sha1-kZN1MSFhg9H85JfAHODu9h+Oc9M="
    }
  }
}
